
Microsoft Visual Studio Solution File, Format Version 12.00
# Visual Studio Version 17
VisualStudioVersion = 17.0.31903.59
MinimumVisualStudioVersion = 10.0.40219.1
Project("{FAE04EC0-301F-11D3-BF4B-00C04F79EFBC}") = "dotnet-extension-methods", "dotnet-extension-methods\dotnet-extension-methods.csproj", "{4A0CE948-E9FD-4DA2-AB48-BF8369DE1372}"
EndProject
Project("{FAE04EC0-301F-11D3-BF4B-00C04F79EFBC}") = "extension-methods-tests", "extension-methods-tests\extension-methods-tests.csproj", "{37E9FB1A-7061-4E16-B3E7-7DA7DB3B4219}"
EndProject
Global
	GlobalSection(SolutionConfigurationPlatforms) = preSolution
		Debug|Any CPU = Debug|Any CPU
		Release|Any CPU = Release|Any CPU
	EndGlobalSection
	GlobalSection(ProjectConfigurationPlatforms) = postSolution
		{4A0CE948-E9FD-4DA2-AB48-BF8369DE1372}.Debug|Any CPU.ActiveCfg = Debug|Any CPU
		{4A0CE948-E9FD-4DA2-AB48-BF8369DE1372}.Debug|Any CPU.Build.0 = Debug|Any CPU
		{4A0CE948-E9FD-4DA2-AB48-BF8369DE1372}.Release|Any CPU.ActiveCfg = Release|Any CPU
		{4A0CE948-E9FD-4DA2-AB48-BF8369DE1372}.Release|Any CPU.Build.0 = Release|Any CPU
		{37E9FB1A-7061-4E16-B3E7-7DA7DB3B4219}.Debug|Any CPU.ActiveCfg = Debug|Any CPU
		{37E9FB1A-7061-4E16-B3E7-7DA7DB3B4219}.Debug|Any CPU.Build.0 = Debug|Any CPU
		{37E9FB1A-7061-4E16-B3E7-7DA7DB3B4219}.Release|Any CPU.ActiveCfg = Release|Any CPU
		{37E9FB1A-7061-4E16-B3E7-7DA7DB3B4219}.Release|Any CPU.Build.0 = Release|Any CPU
	EndGlobalSection
	GlobalSection(SolutionProperties) = preSolution
		HideSolutionNode = FALSE
	EndGlobalSection
	GlobalSection(ExtensibilityGlobals) = postSolution
		SolutionGuid = {871D79E5-2FFB-48BF-8B9A-5BBC141A9EE6}
	EndGlobalSection
EndGlobal
